<?xml version="1.0" encoding="UTF-8" standalone="yes" ?>
<CodeBlocks_project_file>
	<FileVersion major="1" minor="6" />
	<Project>
		<Option title="ProyectoLaboratorio2" />
		<Option pch_mode="2" />
		<Option compiler="gcc" />
		<Build>
			<Target title="Debug">
				<Option output="bin/Debug/ProyectoLaboratorio2" prefix_auto="1" extension_auto="1" />
				<Option object_output="obj/Debug/" />
				<Option type="1" />
				<Option compiler="gcc" />
				<Compiler>
					<Add option="-pedantic-errors" />
					<Add option="-pedantic" />
					<Add option="-Wall" />
					<Add option="-std=c++14" />
					<Add option="-g" />
					<Add directory="SFML/include" />
					<Add directory="include" />
					<Add directory="Entidades" />
					<Add directory="Estados" />
					<Add directory="Recursos" />
					<Add directory="Componentes" />
					<Add directory="Tile" />
				</Compiler>
				<Linker>
					<Add library="sfml-system" />
					<Add library="sfml-graphics" />
					<Add library="sfml-window" />
					<Add directory="SFML/lib" />
				</Linker>
			</Target>
			<Target title="Release">
				<Option output="bin/Release/ProyectoLaboratorio2" prefix_auto="1" extension_auto="1" />
				<Option object_output="obj/Release/" />
				<Option type="1" />
				<Option compiler="gcc" />
				<Compiler>
					<Add option="-O2" />
					<Add option="-pedantic-errors" />
					<Add option="-pedantic" />
					<Add option="-Wall" />
					<Add option="-std=c++14" />
					<Add directory="include" />
					<Add directory="SFML/include" />
					<Add directory="Entidades" />
					<Add directory="Estados" />
					<Add directory="Recursos" />
					<Add directory="Componentes" />
					<Add directory="Tile" />
				</Compiler>
				<Linker>
					<Add option="-s" />
					<Add library="sfml-system" />
					<Add library="sfml-graphics" />
					<Add library="sfml-window" />
					<Add directory="SFML/lib" />
				</Linker>
			</Target>
		</Build>
		<Compiler>
			<Add option="-pedantic-errors" />
			<Add option="-pedantic" />
			<Add option="-Wall" />
			<Add option="-std=c++14" />
			<Add option="-fexceptions" />
		</Compiler>
		<Unit filename="Componentes/animacion.cpp" />
		<Unit filename="Componentes/animacion.h" />
		<Unit filename="Componentes/hitbox.cpp" />
		<Unit filename="Componentes/hitbox.h" />
		<Unit filename="Componentes/movimiento.cpp" />
		<Unit filename="Componentes/movimiento.h" />
		<Unit filename="Entidades/entidades.cpp" />
		<Unit filename="Entidades/entidades.h" />
		<Unit filename="Entidades/jugador.cpp" />
		<Unit filename="Entidades/jugador.h" />
		<Unit filename="Estados/estadobase.cpp" />
		<Unit filename="Estados/estadobase.h" />
		<Unit filename="Estados/estadoeditor.cpp" />
		<Unit filename="Estados/estadoeditor.h" />
		<Unit filename="Estados/estadojuego.cpp" />
		<Unit filename="Estados/estadojuego.h" />
		<Unit filename="Estados/estadomenuprincipal.cpp" />
		<Unit filename="Estados/estadomenuprincipal.h" />
		<Unit filename="Estados/menupausa.cpp" />
		<Unit filename="Estados/menupausa.h" />
		<Unit filename="Tile/tile.cpp" />
		<Unit filename="Tile/tile.h" />
		<Unit filename="Utilidades/boton.cpp" />
		<Unit filename="Utilidades/boton.h" />
		<Unit filename="include/game.h" />
		<Unit filename="include/player.h" />
		<Unit filename="include/ventana.h" />
		<Unit filename="main.cpp" />
		<Unit filename="src/game.cpp" />
		<Unit filename="src/player.cpp" />
		<Unit filename="src/ventana.cpp" />
		<Extensions />
	</Project>
</CodeBlocks_project_file>
